
Microsoft Visual Studio Solution File, Format Version 12.00
# Visual Studio 14
VisualStudioVersion = 14.0.25420.1
MinimumVisualStudioVersion = 10.0.40219.1
Project("{FAE04EC0-301F-11D3-BF4B-00C04F79EFBC}") = "Шахматы", "Шахматы\Шахматы.csproj", "{D7F329BC-E9CC-44FB-BE6D-AC299958F09D}"
EndProject
Project("{888888A0-9F3D-457C-B088-3A5042F75D52}") = "ServerChess", "..\PythonApplication3\PythonApplication3\ServerChess.pyproj", "{77D249C5-36E9-46F9-A46D-5A59730D66E3}"
EndProject
Global
	GlobalSection(SolutionConfigurationPlatforms) = preSolution
		Debug|Any CPU = Debug|Any CPU
		Release|Any CPU = Release|Any CPU
	EndGlobalSection
	GlobalSection(ProjectConfigurationPlatforms) = postSolution
		{D7F329BC-E9CC-44FB-BE6D-AC299958F09D}.Debug|Any CPU.ActiveCfg = Debug|Any CPU
		{D7F329BC-E9CC-44FB-BE6D-AC299958F09D}.Debug|Any CPU.Build.0 = Debug|Any CPU
		{D7F329BC-E9CC-44FB-BE6D-AC299958F09D}.Release|Any CPU.ActiveCfg = Release|Any CPU
		{D7F329BC-E9CC-44FB-BE6D-AC299958F09D}.Release|Any CPU.Build.0 = Release|Any CPU
		{77D249C5-36E9-46F9-A46D-5A59730D66E3}.Debug|Any CPU.ActiveCfg = Debug|Any CPU
		{77D249C5-36E9-46F9-A46D-5A59730D66E3}.Release|Any CPU.ActiveCfg = Release|Any CPU
	EndGlobalSection
	GlobalSection(SolutionProperties) = preSolution
		HideSolutionNode = FALSE
	EndGlobalSection
EndGlobal
